
Microsoft Visual Studio Solution File, Format Version 12.00
# Visual Studio Version 17
VisualStudioVersion = 17.5.002.0
MinimumVisualStudioVersion = 10.0.40219.1
Project("{9A19103F-16F7-4668-BE54-9A1E7A4F7556}") = "HtmlToPdfConverterWeb", "HtmlToPdfConverterWeb.csproj", "{7F3A4DF7-D8AD-46CD-A4B7-DF302DAA17D4}"
EndProject
Global
	GlobalSection(SolutionConfigurationPlatforms) = preSolution
		Debug|Any CPU = Debug|Any CPU
		Release|Any CPU = Release|Any CPU
	EndGlobalSection
	GlobalSection(ProjectConfigurationPlatforms) = postSolution
		{7F3A4DF7-D8AD-46CD-A4B7-DF302DAA17D4}.Debug|Any CPU.ActiveCfg = Debug|Any CPU
		{7F3A4DF7-D8AD-46CD-A4B7-DF302DAA17D4}.Debug|Any CPU.Build.0 = Debug|Any CPU
		{7F3A4DF7-D8AD-46CD-A4B7-DF302DAA17D4}.Release|Any CPU.ActiveCfg = Release|Any CPU
		{7F3A4DF7-D8AD-46CD-A4B7-DF302DAA17D4}.Release|Any CPU.Build.0 = Release|Any CPU
	EndGlobalSection
	GlobalSection(SolutionProperties) = preSolution
		HideSolutionNode = FALSE
	EndGlobalSection
	GlobalSection(ExtensibilityGlobals) = postSolution
		SolutionGuid = {84E0EF2F-F400-4F22-B5D8-53B93894D2F5}
	EndGlobalSection
EndGlobal
